// !$*UTF8*$!
{
	archiveVersion = 1;
	classes = {
	};
	objectVersion = 60;
	objects = {

/* Begin PBXBuildFile section */
		E80BC4592B789FBB00506FFA /* RealityKitContent in Frameworks */ = {isa = PBXBuildFile; productRef = E80BC4582B789FBB00506FFA /* RealityKitContent */; };
		E80BC45B2B789FBB00506FFA /* spacesApp.swift in Sources */ = {isa = PBXBuildFile; fileRef = E80BC45A2B789FBB00506FFA /* spacesApp.swift */; };
		E80BC4632B789FBC00506FFA /* Assets.xcassets in Resources */ = {isa = PBXBuildFile; fileRef = E80BC4622B789FBC00506FFA /* Assets.xcassets */; };
		E80BC4662B789FBC00506FFA /* Preview Assets.xcassets in Resources */ = {isa = PBXBuildFile; fileRef = E80BC4652B789FBC00506FFA /* Preview Assets.xcassets */; };
		E80BC4712B789FBD00506FFA /* spacesTests.swift in Sources */ = {isa = PBXBuildFile; fileRef = E80BC4702B789FBD00506FFA /* spacesTests.swift */; };
		E80D6BDC2B7C877E0078212F /* HomeView.swift in Sources */ = {isa = PBXBuildFile; fileRef = E80D6BDB2B7C877E0078212F /* HomeView.swift */; };
		E82BAB5D2B7E9C52009EBEBB /* GoogleService-Info.plist in Resources */ = {isa = PBXBuildFile; fileRef = E82BAB5C2B7E9C51009EBEBB /* GoogleService-Info.plist */; };
		E82BAB602B7E9DB0009EBEBB /* Sticker.swift in Sources */ = {isa = PBXBuildFile; fileRef = E82BAB5F2B7E9DB0009EBEBB /* Sticker.swift */; };
		E82BAB632B7EA083009EBEBB /* StickerView.swift in Sources */ = {isa = PBXBuildFile; fileRef = E82BAB622B7EA083009EBEBB /* StickerView.swift */; };
		E82BAB682B7EA36F009EBEBB /* StickersListViewModel.swift in Sources */ = {isa = PBXBuildFile; fileRef = E82BAB672B7EA36F009EBEBB /* StickersListViewModel.swift */; };
		E82BAB6A2B7ED574009EBEBB /* FirebaseFirestore in Frameworks */ = {isa = PBXBuildFile; productRef = E82BAB692B7ED574009EBEBB /* FirebaseFirestore */; };
		E83EC3C32B82A1F40048FD1C /* RealityKitContent in Frameworks */ = {isa = PBXBuildFile; productRef = E83EC3C22B82A1F40048FD1C /* RealityKitContent */; };
		E84814EB2B7E9512008B6482 /* FirebaseFirestoreSwift in Frameworks */ = {isa = PBXBuildFile; productRef = E84814EA2B7E9512008B6482 /* FirebaseFirestoreSwift */; };
		E84814ED2B7E9512008B6482 /* FirebaseStorage in Frameworks */ = {isa = PBXBuildFile; productRef = E84814EC2B7E9512008B6482 /* FirebaseStorage */; };
		E859BE0B2B7EDDCC0012F4AC /* String+Extension.swift in Sources */ = {isa = PBXBuildFile; fileRef = E859BE0A2B7EDDCC0012F4AC /* String+Extension.swift */; };
		E85F37562B80283300DB11F2 /* SelectedItemViewModel.swift in Sources */ = {isa = PBXBuildFile; fileRef = E85F37552B80283300DB11F2 /* SelectedItemViewModel.swift */; };
		E85F375A2B80364E00DB11F2 /* InstantiatedStickersViewModel.swift in Sources */ = {isa = PBXBuildFile; fileRef = E85F37592B80364E00DB11F2 /* InstantiatedStickersViewModel.swift */; };
		E87B30422B8A9DED00994D0A /* SpaceEditorView+Drag.swift in Sources */ = {isa = PBXBuildFile; fileRef = E87B30412B8A9DED00994D0A /* SpaceEditorView+Drag.swift */; };
		E87B30442B8AA08D00994D0A /* SpaceEditorView+Scale.swift in Sources */ = {isa = PBXBuildFile; fileRef = E87B30432B8AA08D00994D0A /* SpaceEditorView+Scale.swift */; };
		E8A6B76F2B8457E0009C0437 /* GlobalEntities.swift in Sources */ = {isa = PBXBuildFile; fileRef = E8A6B76E2B8457DF009C0437 /* GlobalEntities.swift */; };
		E8A6B7712B84607D009C0437 /* Entity+Utilities.swift in Sources */ = {isa = PBXBuildFile; fileRef = E8A6B7702B84607D009C0437 /* Entity+Utilities.swift */; };
		E8A6B7732B84686F009C0437 /* toy_car.usdz in Resources */ = {isa = PBXBuildFile; fileRef = E8A6B7722B84686F009C0437 /* toy_car.usdz */; };
		E8A6B7762B8480FD009C0437 /* SIMD+Utilities.swift in Sources */ = {isa = PBXBuildFile; fileRef = E8A6B7752B8480FD009C0437 /* SIMD+Utilities.swift */; };
		E8ECF8D12B8AC10100E081F2 /* EditableComponent.swift in Sources */ = {isa = PBXBuildFile; fileRef = E8ECF8D02B8AC10100E081F2 /* EditableComponent.swift */; };
		E8ECF8D32B8AD04A00E081F2 /* SpaceEditorView+Rotate.swift in Sources */ = {isa = PBXBuildFile; fileRef = E8ECF8D22B8AD04A00E081F2 /* SpaceEditorView+Rotate.swift */; };
		E8F737C02B812B8B00ED222F /* URL+Extension.swift in Sources */ = {isa = PBXBuildFile; fileRef = E8F737BF2B812B8A00ED222F /* URL+Extension.swift */; };
		E8F737C42B81330A00ED222F /* StickerItemViewModel.swift in Sources */ = {isa = PBXBuildFile; fileRef = E8F737C32B81330A00ED222F /* StickerItemViewModel.swift */; };
		E8F737C82B8143A600ED222F /* StickerItemView.swift in Sources */ = {isa = PBXBuildFile; fileRef = E8F737C72B8143A600ED222F /* StickerItemView.swift */; };
		E8F737CA2B81C8A100ED222F /* SpaceEditorView.swift in Sources */ = {isa = PBXBuildFile; fileRef = E8F737C92B81C8A000ED222F /* SpaceEditorView.swift */; };
		E8F737CD2B81C97E00ED222F /* AppState.swift in Sources */ = {isa = PBXBuildFile; fileRef = E8F737CC2B81C97E00ED222F /* AppState.swift */; };
		E8F737CF2B81CB0600ED222F /* AppPhase.swift in Sources */ = {isa = PBXBuildFile; fileRef = E8F737CE2B81CB0600ED222F /* AppPhase.swift */; };
/* End PBXBuildFile section */

/* Begin PBXContainerItemProxy section */
		E80BC46D2B789FBD00506FFA /* PBXContainerItemProxy */ = {
			isa = PBXContainerItemProxy;
			containerPortal = E80BC44B2B789FBB00506FFA /* Project object */;
			proxyType = 1;
			remoteGlobalIDString = E80BC4522B789FBB00506FFA;
			remoteInfo = spaces;
		};
/* End PBXContainerItemProxy section */

/* Begin PBXFileReference section */
		E80BC4532B789FBB00506FFA /* spaces.app */ = {isa = PBXFileReference; explicitFileType = wrapper.application; includeInIndex = 0; path = spaces.app; sourceTree = BUILT_PRODUCTS_DIR; };
		E80BC45A2B789FBB00506FFA /* spacesApp.swift */ = {isa = PBXFileReference; lastKnownFileType = sourcecode.swift; path = spacesApp.swift; sourceTree = "<group>"; };
		E80BC4622B789FBC00506FFA /* Assets.xcassets */ = {isa = PBXFileReference; lastKnownFileType = folder.assetcatalog; path = Assets.xcassets; sourceTree = "<group>"; };
		E80BC4652B789FBC00506FFA /* Preview Assets.xcassets */ = {isa = PBXFileReference; lastKnownFileType = folder.assetcatalog; path = "Preview Assets.xcassets"; sourceTree = "<group>"; };
		E80BC4672B789FBC00506FFA /* Info.plist */ = {isa = PBXFileReference; lastKnownFileType = text.plist.xml; path = Info.plist; sourceTree = "<group>"; };
		E80BC46C2B789FBD00506FFA /* spacesTests.xctest */ = {isa = PBXFileReference; explicitFileType = wrapper.cfbundle; includeInIndex = 0; path = spacesTests.xctest; sourceTree = BUILT_PRODUCTS_DIR; };
		E80BC4702B789FBD00506FFA /* spacesTests.swift */ = {isa = PBXFileReference; lastKnownFileType = sourcecode.swift; path = spacesTests.swift; sourceTree = "<group>"; };
		E80D6BDB2B7C877E0078212F /* HomeView.swift */ = {isa = PBXFileReference; fileEncoding = 4; lastKnownFileType = sourcecode.swift; path = HomeView.swift; sourceTree = "<group>"; };
		E82BAB5C2B7E9C51009EBEBB /* GoogleService-Info.plist */ = {isa = PBXFileReference; fileEncoding = 4; lastKnownFileType = text.plist.xml; name = "GoogleService-Info.plist"; path = "../../../Downloads/GoogleService-Info.plist"; sourceTree = "<group>"; };
		E82BAB5F2B7E9DB0009EBEBB /* Sticker.swift */ = {isa = PBXFileReference; lastKnownFileType = sourcecode.swift; path = Sticker.swift; sourceTree = "<group>"; };
		E82BAB622B7EA083009EBEBB /* StickerView.swift */ = {isa = PBXFileReference; lastKnownFileType = sourcecode.swift; path = StickerView.swift; sourceTree = "<group>"; };
		E82BAB672B7EA36F009EBEBB /* StickersListViewModel.swift */ = {isa = PBXFileReference; lastKnownFileType = sourcecode.swift; path = StickersListViewModel.swift; sourceTree = "<group>"; };
		E859BE0A2B7EDDCC0012F4AC /* String+Extension.swift */ = {isa = PBXFileReference; lastKnownFileType = sourcecode.swift; path = "String+Extension.swift"; sourceTree = "<group>"; };
		E85F37552B80283300DB11F2 /* SelectedItemViewModel.swift */ = {isa = PBXFileReference; lastKnownFileType = sourcecode.swift; path = SelectedItemViewModel.swift; sourceTree = "<group>"; };
		E85F37592B80364E00DB11F2 /* InstantiatedStickersViewModel.swift */ = {isa = PBXFileReference; lastKnownFileType = sourcecode.swift; path = InstantiatedStickersViewModel.swift; sourceTree = "<group>"; };
		E87B30412B8A9DED00994D0A /* SpaceEditorView+Drag.swift */ = {isa = PBXFileReference; lastKnownFileType = sourcecode.swift; path = "SpaceEditorView+Drag.swift"; sourceTree = "<group>"; };
		E87B30432B8AA08D00994D0A /* SpaceEditorView+Scale.swift */ = {isa = PBXFileReference; lastKnownFileType = sourcecode.swift; path = "SpaceEditorView+Scale.swift"; sourceTree = "<group>"; };
		E8A6B76D2B833C92009C0437 /* RealityKitContent */ = {isa = PBXFileReference; lastKnownFileType = wrapper; path = RealityKitContent; sourceTree = "<group>"; };
		E8A6B76E2B8457DF009C0437 /* GlobalEntities.swift */ = {isa = PBXFileReference; lastKnownFileType = sourcecode.swift; path = GlobalEntities.swift; sourceTree = "<group>"; };
		E8A6B7702B84607D009C0437 /* Entity+Utilities.swift */ = {isa = PBXFileReference; lastKnownFileType = sourcecode.swift; path = "Entity+Utilities.swift"; sourceTree = "<group>"; };
		E8A6B7722B84686F009C0437 /* toy_car.usdz */ = {isa = PBXFileReference; lastKnownFileType = file.usdz; name = toy_car.usdz; path = ../../../Downloads/toy_car.usdz; sourceTree = "<group>"; };
		E8A6B7752B8480FD009C0437 /* SIMD+Utilities.swift */ = {isa = PBXFileReference; lastKnownFileType = sourcecode.swift; path = "SIMD+Utilities.swift"; sourceTree = "<group>"; };
		E8ECF8D02B8AC10100E081F2 /* EditableComponent.swift */ = {isa = PBXFileReference; lastKnownFileType = sourcecode.swift; path = EditableComponent.swift; sourceTree = "<group>"; };
		E8ECF8D22B8AD04A00E081F2 /* SpaceEditorView+Rotate.swift */ = {isa = PBXFileReference; lastKnownFileType = sourcecode.swift; path = "SpaceEditorView+Rotate.swift"; sourceTree = "<group>"; };
		E8F737BF2B812B8A00ED222F /* URL+Extension.swift */ = {isa = PBXFileReference; lastKnownFileType = sourcecode.swift; path = "URL+Extension.swift"; sourceTree = "<group>"; };
		E8F737C32B81330A00ED222F /* StickerItemViewModel.swift */ = {isa = PBXFileReference; lastKnownFileType = sourcecode.swift; path = StickerItemViewModel.swift; sourceTree = "<group>"; };
		E8F737C72B8143A600ED222F /* StickerItemView.swift */ = {isa = PBXFileReference; lastKnownFileType = sourcecode.swift; path = StickerItemView.swift; sourceTree = "<group>"; };
		E8F737C92B81C8A000ED222F /* SpaceEditorView.swift */ = {isa = PBXFileReference; lastKnownFileType = sourcecode.swift; path = SpaceEditorView.swift; sourceTree = "<group>"; };
		E8F737CC2B81C97E00ED222F /* AppState.swift */ = {isa = PBXFileReference; lastKnownFileType = sourcecode.swift; path = AppState.swift; sourceTree = "<group>"; };
		E8F737CE2B81CB0600ED222F /* AppPhase.swift */ = {isa = PBXFileReference; lastKnownFileType = sourcecode.swift; path = AppPhase.swift; sourceTree = "<group>"; };
/* End PBXFileReference section */

/* Begin PBXFrameworksBuildPhase section */
		E80BC4502B789FBB00506FFA /* Frameworks */ = {
			isa = PBXFrameworksBuildPhase;
			buildActionMask = 2147483647;
			files = (
				E80BC4592B789FBB00506FFA /* RealityKitContent in Frameworks */,
				E82BAB6A2B7ED574009EBEBB /* FirebaseFirestore in Frameworks */,
				E83EC3C32B82A1F40048FD1C /* RealityKitContent in Frameworks */,
				E84814ED2B7E9512008B6482 /* FirebaseStorage in Frameworks */,
				E84814EB2B7E9512008B6482 /* FirebaseFirestoreSwift in Frameworks */,
			);
			runOnlyForDeploymentPostprocessing = 0;
		};
		E80BC4692B789FBD00506FFA /* Frameworks */ = {
			isa = PBXFrameworksBuildPhase;
			buildActionMask = 2147483647;
			files = (
			);
			runOnlyForDeploymentPostprocessing = 0;
		};
/* End PBXFrameworksBuildPhase section */

/* Begin PBXGroup section */
		E80BC44A2B789FBB00506FFA = {
			isa = PBXGroup;
			children = (
				E80BC4552B789FBB00506FFA /* spaces */,
				E80BC46F2B789FBD00506FFA /* spacesTests */,
				E80BC4542B789FBB00506FFA /* Products */,
				E83EC3C52B82A3F80048FD1C /* Packages */,
				E84814E72B7E9512008B6482 /* Frameworks */,
			);
			sourceTree = "<group>";
		};
		E80BC4542B789FBB00506FFA /* Products */ = {
			isa = PBXGroup;
			children = (
				E80BC4532B789FBB00506FFA /* spaces.app */,
				E80BC46C2B789FBD00506FFA /* spacesTests.xctest */,
			);
			name = Products;
			sourceTree = "<group>";
		};
		E80BC4552B789FBB00506FFA /* spaces */ = {
			isa = PBXGroup;
			children = (
				E80BC45A2B789FBB00506FFA /* spacesApp.swift */,
				E8ECF8CF2B8AC0E800E081F2 /* Components */,
				E8F737CB2B81C96A00ED222F /* Data + State */,
				E859BE092B7EDDBC0012F4AC /* Helpers */,
				E82BAB642B7EA0AD009EBEBB /* Observables */,
				E82BAB612B7EA001009EBEBB /* Views */,
				E82BAB5E2B7E9D97009EBEBB /* Models */,
				E8A6B7722B84686F009C0437 /* toy_car.usdz */,
				E82BAB5C2B7E9C51009EBEBB /* GoogleService-Info.plist */,
				E80BC4622B789FBC00506FFA /* Assets.xcassets */,
				E80BC4672B789FBC00506FFA /* Info.plist */,
				E80BC4642B789FBC00506FFA /* Preview Content */,
			);
			path = spaces;
			sourceTree = "<group>";
		};
		E80BC4642B789FBC00506FFA /* Preview Content */ = {
			isa = PBXGroup;
			children = (
				E80BC4652B789FBC00506FFA /* Preview Assets.xcassets */,
			);
			path = "Preview Content";
			sourceTree = "<group>";
		};
		E80BC46F2B789FBD00506FFA /* spacesTests */ = {
			isa = PBXGroup;
			children = (
				E80BC4702B789FBD00506FFA /* spacesTests.swift */,
			);
			path = spacesTests;
			sourceTree = "<group>";
		};
		E82BAB5E2B7E9D97009EBEBB /* Models */ = {
			isa = PBXGroup;
			children = (
				E82BAB5F2B7E9DB0009EBEBB /* Sticker.swift */,
			);
			path = Models;
			sourceTree = "<group>";
		};
		E82BAB612B7EA001009EBEBB /* Views */ = {
			isa = PBXGroup;
			children = (
				E80D6BDB2B7C877E0078212F /* HomeView.swift */,
				E82BAB622B7EA083009EBEBB /* StickerView.swift */,
				E8F737C72B8143A600ED222F /* StickerItemView.swift */,
				E8F737C92B81C8A000ED222F /* SpaceEditorView.swift */,
				E87B30412B8A9DED00994D0A /* SpaceEditorView+Drag.swift */,
				E87B30432B8AA08D00994D0A /* SpaceEditorView+Scale.swift */,
				E8ECF8D22B8AD04A00E081F2 /* SpaceEditorView+Rotate.swift */,
			);
			path = Views;
			sourceTree = "<group>";
		};
		E82BAB642B7EA0AD009EBEBB /* Observables */ = {
			isa = PBXGroup;
			children = (
				E82BAB672B7EA36F009EBEBB /* StickersListViewModel.swift */,
				E85F37552B80283300DB11F2 /* SelectedItemViewModel.swift */,
				E85F37592B80364E00DB11F2 /* InstantiatedStickersViewModel.swift */,
				E8F737C32B81330A00ED222F /* StickerItemViewModel.swift */,
			);
			path = Observables;
			sourceTree = "<group>";
		};
		E83EC3C52B82A3F80048FD1C /* Packages */ = {
			isa = PBXGroup;
			children = (
				E8A6B76D2B833C92009C0437 /* RealityKitContent */,
			);
			path = Packages;
			sourceTree = "<group>";
		};
		E84814E72B7E9512008B6482 /* Frameworks */ = {
			isa = PBXGroup;
			children = (
			);
			name = Frameworks;
			sourceTree = "<group>";
		};
		E859BE092B7EDDBC0012F4AC /* Helpers */ = {
			isa = PBXGroup;
			children = (
				E859BE0A2B7EDDCC0012F4AC /* String+Extension.swift */,
				E8F737BF2B812B8A00ED222F /* URL+Extension.swift */,
				E8A6B7702B84607D009C0437 /* Entity+Utilities.swift */,
				E8A6B7752B8480FD009C0437 /* SIMD+Utilities.swift */,
			);
			path = Helpers;
			sourceTree = "<group>";
		};
		E8ECF8CF2B8AC0E800E081F2 /* Components */ = {
			isa = PBXGroup;
			children = (
				E8ECF8D02B8AC10100E081F2 /* EditableComponent.swift */,
			);
			path = Components;
			sourceTree = "<group>";
		};
		E8F737CB2B81C96A00ED222F /* Data + State */ = {
			isa = PBXGroup;
			children = (
				E8F737CC2B81C97E00ED222F /* AppState.swift */,
				E8F737CE2B81CB0600ED222F /* AppPhase.swift */,
				E8A6B76E2B8457DF009C0437 /* GlobalEntities.swift */,
			);
			path = "Data + State";
			sourceTree = "<group>";
		};
/* End PBXGroup section */

/* Begin PBXNativeTarget section */
		E80BC4522B789FBB00506FFA /* spaces */ = {
			isa = PBXNativeTarget;
			buildConfigurationList = E80BC4742B789FBD00506FFA /* Build configuration list for PBXNativeTarget "spaces" */;
			buildPhases = (
				E80BC44F2B789FBB00506FFA /* Sources */,
				E80BC4502B789FBB00506FFA /* Frameworks */,
				E80BC4512B789FBB00506FFA /* Resources */,
			);
			buildRules = (
			);
			dependencies = (
			);
			name = spaces;
			packageProductDependencies = (
				E80BC4582B789FBB00506FFA /* RealityKitContent */,
				E84814EA2B7E9512008B6482 /* FirebaseFirestoreSwift */,
				E84814EC2B7E9512008B6482 /* FirebaseStorage */,
				E82BAB692B7ED574009EBEBB /* FirebaseFirestore */,
				E83EC3C22B82A1F40048FD1C /* RealityKitContent */,
			);
			productName = spaces;
			productReference = E80BC4532B789FBB00506FFA /* spaces.app */;
			productType = "com.apple.product-type.application";
		};
		E80BC46B2B789FBD00506FFA /* spacesTests */ = {
			isa = PBXNativeTarget;
			buildConfigurationList = E80BC4772B789FBD00506FFA /* Build configuration list for PBXNativeTarget "spacesTests" */;
			buildPhases = (
				E80BC4682B789FBD00506FFA /* Sources */,
				E80BC4692B789FBD00506FFA /* Frameworks */,
				E80BC46A2B789FBD00506FFA /* Resources */,
			);
			buildRules = (
			);
			dependencies = (
				E80BC46E2B789FBD00506FFA /* PBXTargetDependency */,
			);
			name = spacesTests;
			productName = spacesTests;
			productReference = E80BC46C2B789FBD00506FFA /* spacesTests.xctest */;
			productType = "com.apple.product-type.bundle.unit-test";
		};
/* End PBXNativeTarget section */

/* Begin PBXProject section */
		E80BC44B2B789FBB00506FFA /* Project object */ = {
			isa = PBXProject;
			attributes = {
				BuildIndependentTargetsInParallel = 1;
				LastSwiftUpdateCheck = 1520;
				LastUpgradeCheck = 1520;
				TargetAttributes = {
					E80BC4522B789FBB00506FFA = {
						CreatedOnToolsVersion = 15.2;
					};
					E80BC46B2B789FBD00506FFA = {
						CreatedOnToolsVersion = 15.2;
						TestTargetID = E80BC4522B789FBB00506FFA;
					};
				};
			};
			buildConfigurationList = E80BC44E2B789FBB00506FFA /* Build configuration list for PBXProject "spaces" */;
			compatibilityVersion = "Xcode 14.0";
			developmentRegion = en;
			hasScannedForEncodings = 0;
			knownRegions = (
				en,
				Base,
			);
			mainGroup = E80BC44A2B789FBB00506FFA;
			packageReferences = (
				E84814E62B7E949A008B6482 /* XCRemoteSwiftPackageReference "firebase-ios-sdk" */,
				E83EC3C12B82A1F40048FD1C /* XCLocalSwiftPackageReference "../Coffee With A/Packages/RealityKitContent" */,
			);
			productRefGroup = E80BC4542B789FBB00506FFA /* Products */;
			projectDirPath = "";
			projectRoot = "";
			targets = (
				E80BC4522B789FBB00506FFA /* spaces */,
				E80BC46B2B789FBD00506FFA /* spacesTests */,
			);
		};
/* End PBXProject section */

/* Begin PBXResourcesBuildPhase section */
		E80BC4512B789FBB00506FFA /* Resources */ = {
			isa = PBXResourcesBuildPhase;
			buildActionMask = 2147483647;
			files = (
				E80BC4632B789FBC00506FFA /* Assets.xcassets in Resources */,
				E8A6B7732B84686F009C0437 /* toy_car.usdz in Resources */,
				E82BAB5D2B7E9C52009EBEBB /* GoogleService-Info.plist in Resources */,
				E80BC4662B789FBC00506FFA /* Preview Assets.xcassets in Resources */,
			);
			runOnlyForDeploymentPostprocessing = 0;
		};
		E80BC46A2B789FBD00506FFA /* Resources */ = {
			isa = PBXResourcesBuildPhase;
			buildActionMask = 2147483647;
			files = (
			);
			runOnlyForDeploymentPostprocessing = 0;
		};
/* End PBXResourcesBuildPhase section */

/* Begin PBXSourcesBuildPhase section */
		E80BC44F2B789FBB00506FFA /* Sources */ = {
			isa = PBXSourcesBuildPhase;
			buildActionMask = 2147483647;
			files = (
				E8F737C42B81330A00ED222F /* StickerItemViewModel.swift in Sources */,
				E859BE0B2B7EDDCC0012F4AC /* String+Extension.swift in Sources */,
				E87B30422B8A9DED00994D0A /* SpaceEditorView+Drag.swift in Sources */,
				E85F37562B80283300DB11F2 /* SelectedItemViewModel.swift in Sources */,
				E87B30442B8AA08D00994D0A /* SpaceEditorView+Scale.swift in Sources */,
				E80BC45B2B789FBB00506FFA /* spacesApp.swift in Sources */,
				E80D6BDC2B7C877E0078212F /* HomeView.swift in Sources */,
				E8A6B7712B84607D009C0437 /* Entity+Utilities.swift in Sources */,
				E8F737C02B812B8B00ED222F /* URL+Extension.swift in Sources */,
				E8ECF8D32B8AD04A00E081F2 /* SpaceEditorView+Rotate.swift in Sources */,
				E8F737C82B8143A600ED222F /* StickerItemView.swift in Sources */,
				E82BAB632B7EA083009EBEBB /* StickerView.swift in Sources */,
				E82BAB602B7E9DB0009EBEBB /* Sticker.swift in Sources */,
				E8F737CF2B81CB0600ED222F /* AppPhase.swift in Sources */,
				E85F375A2B80364E00DB11F2 /* InstantiatedStickersViewModel.swift in Sources */,
				E8F737CD2B81C97E00ED222F /* AppState.swift in Sources */,
				E8F737CA2B81C8A100ED222F /* SpaceEditorView.swift in Sources */,
				E8A6B7762B8480FD009C0437 /* SIMD+Utilities.swift in Sources */,
				E8A6B76F2B8457E0009C0437 /* GlobalEntities.swift in Sources */,
				E82BAB682B7EA36F009EBEBB /* StickersListViewModel.swift in Sources */,
				E8ECF8D12B8AC10100E081F2 /* EditableComponent.swift in Sources */,
			);
			runOnlyForDeploymentPostprocessing = 0;
		};
		E80BC4682B789FBD00506FFA /* Sources */ = {
			isa = PBXSourcesBuildPhase;
			buildActionMask = 2147483647;
			files = (
				E80BC4712B789FBD00506FFA /* spacesTests.swift in Sources */,
			);
			runOnlyForDeploymentPostprocessing = 0;
		};
/* End PBXSourcesBuildPhase section */

/* Begin PBXTargetDependency section */
		E80BC46E2B789FBD00506FFA /* PBXTargetDependency */ = {
			isa = PBXTargetDependency;
			target = E80BC4522B789FBB00506FFA /* spaces */;
			targetProxy = E80BC46D2B789FBD00506FFA /* PBXContainerItemProxy */;
		};
/* End PBXTargetDependency section */

/* Begin XCBuildConfiguration section */
		E80BC4722B789FBD00506FFA /* Debug */ = {
			isa = XCBuildConfiguration;
			buildSettings = {
				ALWAYS_SEARCH_USER_PATHS = NO;
				ASSETCATALOG_COMPILER_GENERATE_SWIFT_ASSET_SYMBOL_EXTENSIONS = YES;
				CLANG_ANALYZER_NONNULL = YES;
				CLANG_ANALYZER_NUMBER_OBJECT_CONVERSION = YES_AGGRESSIVE;
				CLANG_CXX_LANGUAGE_STANDARD = "gnu++20";
				CLANG_ENABLE_MODULES = YES;
				CLANG_ENABLE_OBJC_ARC = YES;
				CLANG_ENABLE_OBJC_WEAK = YES;
				CLANG_WARN_BLOCK_CAPTURE_AUTORELEASING = YES;
				CLANG_WARN_BOOL_CONVERSION = YES;
				CLANG_WARN_COMMA = YES;
				CLANG_WARN_CONSTANT_CONVERSION = YES;
				CLANG_WARN_DEPRECATED_OBJC_IMPLEMENTATIONS = YES;
				CLANG_WARN_DIRECT_OBJC_ISA_USAGE = YES_ERROR;
				CLANG_WARN_DOCUMENTATION_COMMENTS = YES;
				CLANG_WARN_EMPTY_BODY = YES;
				CLANG_WARN_ENUM_CONVERSION = YES;
				CLANG_WARN_INFINITE_RECURSION = YES;
				CLANG_WARN_INT_CONVERSION = YES;
				CLANG_WARN_NON_LITERAL_NULL_CONVERSION = YES;
				CLANG_WARN_OBJC_IMPLICIT_RETAIN_SELF = YES;
				CLANG_WARN_OBJC_LITERAL_CONVERSION = YES;
				CLANG_WARN_OBJC_ROOT_CLASS = YES_ERROR;
				CLANG_WARN_QUOTED_INCLUDE_IN_FRAMEWORK_HEADER = YES;
				CLANG_WARN_RANGE_LOOP_ANALYSIS = YES;
				CLANG_WARN_STRICT_PROTOTYPES = YES;
				CLANG_WARN_SUSPICIOUS_MOVE = YES;
				CLANG_WARN_UNGUARDED_AVAILABILITY = YES_AGGRESSIVE;
				CLANG_WARN_UNREACHABLE_CODE = YES;
				CLANG_WARN__DUPLICATE_METHOD_MATCH = YES;
				COPY_PHASE_STRIP = NO;
				DEBUG_INFORMATION_FORMAT = dwarf;
				ENABLE_STRICT_OBJC_MSGSEND = YES;
				ENABLE_TESTABILITY = YES;
				ENABLE_USER_SCRIPT_SANDBOXING = YES;
				GCC_C_LANGUAGE_STANDARD = gnu17;
				GCC_DYNAMIC_NO_PIC = NO;
				GCC_NO_COMMON_BLOCKS = YES;
				GCC_OPTIMIZATION_LEVEL = 0;
				GCC_PREPROCESSOR_DEFINITIONS = (
					"DEBUG=1",
					"$(inherited)",
				);
				GCC_WARN_64_TO_32_BIT_CONVERSION = YES;
				GCC_WARN_ABOUT_RETURN_TYPE = YES_ERROR;
				GCC_WARN_UNDECLARED_SELECTOR = YES;
				GCC_WARN_UNINITIALIZED_AUTOS = YES_AGGRESSIVE;
				GCC_WARN_UNUSED_FUNCTION = YES;
				GCC_WARN_UNUSED_VARIABLE = YES;
				LOCALIZATION_PREFERS_STRING_CATALOGS = YES;
				MTL_ENABLE_DEBUG_INFO = INCLUDE_SOURCE;
				MTL_FAST_MATH = YES;
				ONLY_ACTIVE_ARCH = YES;
				SDKROOT = xros;
				SWIFT_ACTIVE_COMPILATION_CONDITIONS = "DEBUG $(inherited)";
				SWIFT_OPTIMIZATION_LEVEL = "-Onone";
				XROS_DEPLOYMENT_TARGET = 1.0;
			};
			name = Debug;
		};
		E80BC4732B789FBD00506FFA /* Release */ = {
			isa = XCBuildConfiguration;
			buildSettings = {
				ALWAYS_SEARCH_USER_PATHS = NO;
				ASSETCATALOG_COMPILER_GENERATE_SWIFT_ASSET_SYMBOL_EXTENSIONS = YES;
				CLANG_ANALYZER_NONNULL = YES;
				CLANG_ANALYZER_NUMBER_OBJECT_CONVERSION = YES_AGGRESSIVE;
				CLANG_CXX_LANGUAGE_STANDARD = "gnu++20";
				CLANG_ENABLE_MODULES = YES;
				CLANG_ENABLE_OBJC_ARC = YES;
				CLANG_ENABLE_OBJC_WEAK = YES;
				CLANG_WARN_BLOCK_CAPTURE_AUTORELEASING = YES;
				CLANG_WARN_BOOL_CONVERSION = YES;
				CLANG_WARN_COMMA = YES;
				CLANG_WARN_CONSTANT_CONVERSION = YES;
				CLANG_WARN_DEPRECATED_OBJC_IMPLEMENTATIONS = YES;
				CLANG_WARN_DIRECT_OBJC_ISA_USAGE = YES_ERROR;
				CLANG_WARN_DOCUMENTATION_COMMENTS = YES;
				CLANG_WARN_EMPTY_BODY = YES;
				CLANG_WARN_ENUM_CONVERSION = YES;
				CLANG_WARN_INFINITE_RECURSION = YES;
				CLANG_WARN_INT_CONVERSION = YES;
				CLANG_WARN_NON_LITERAL_NULL_CONVERSION = YES;
				CLANG_WARN_OBJC_IMPLICIT_RETAIN_SELF = YES;
				CLANG_WARN_OBJC_LITERAL_CONVERSION = YES;
				CLANG_WARN_OBJC_ROOT_CLASS = YES_ERROR;
				CLANG_WARN_QUOTED_INCLUDE_IN_FRAMEWORK_HEADER = YES;
				CLANG_WARN_RANGE_LOOP_ANALYSIS = YES;
				CLANG_WARN_STRICT_PROTOTYPES = YES;
				CLANG_WARN_SUSPICIOUS_MOVE = YES;
				CLANG_WARN_UNGUARDED_AVAILABILITY = YES_AGGRESSIVE;
				CLANG_WARN_UNREACHABLE_CODE = YES;
				CLANG_WARN__DUPLICATE_METHOD_MATCH = YES;
				COPY_PHASE_STRIP = NO;
				DEBUG_INFORMATION_FORMAT = "dwarf-with-dsym";
				ENABLE_NS_ASSERTIONS = NO;
				ENABLE_STRICT_OBJC_MSGSEND = YES;
				ENABLE_USER_SCRIPT_SANDBOXING = YES;
				GCC_C_LANGUAGE_STANDARD = gnu17;
				GCC_NO_COMMON_BLOCKS = YES;
				GCC_WARN_64_TO_32_BIT_CONVERSION = YES;
				GCC_WARN_ABOUT_RETURN_TYPE = YES_ERROR;
				GCC_WARN_UNDECLARED_SELECTOR = YES;
				GCC_WARN_UNINITIALIZED_AUTOS = YES_AGGRESSIVE;
				GCC_WARN_UNUSED_FUNCTION = YES;
				GCC_WARN_UNUSED_VARIABLE = YES;
				LOCALIZATION_PREFERS_STRING_CATALOGS = YES;
				MTL_ENABLE_DEBUG_INFO = NO;
				MTL_FAST_MATH = YES;
				SDKROOT = xros;
				SWIFT_COMPILATION_MODE = wholemodule;
				VALIDATE_PRODUCT = YES;
				XROS_DEPLOYMENT_TARGET = 1.0;
			};
			name = Release;
		};
		E80BC4752B789FBD00506FFA /* Debug */ = {
			isa = XCBuildConfiguration;
			buildSettings = {
				ASSETCATALOG_COMPILER_APPICON_NAME = AppIcon;
				ASSETCATALOG_COMPILER_GLOBAL_ACCENT_COLOR_NAME = AccentColor;
				CODE_SIGN_STYLE = Automatic;
				CURRENT_PROJECT_VERSION = 1;
				DEVELOPMENT_ASSET_PATHS = "\"spaces/Preview Content\"";
				DEVELOPMENT_TEAM = 42RNCHYNM2;
				ENABLE_PREVIEWS = YES;
				GENERATE_INFOPLIST_FILE = YES;
				INFOPLIST_FILE = "$(TARGET_NAME)/Info.plist";
				INFOPLIST_KEY_LSApplicationCategoryType = "public.app-category.lifestyle";
				LD_RUNPATH_SEARCH_PATHS = (
					"$(inherited)",
					"@executable_path/Frameworks",
				);
				MARKETING_VERSION = 1.0;
				PRODUCT_BUNDLE_IDENTIFIER = kosasih.spaces;
				PRODUCT_NAME = "$(TARGET_NAME)";
				SUPPORTED_PLATFORMS = "xros xrsimulator";
				SWIFT_EMIT_LOC_STRINGS = YES;
				SWIFT_VERSION = 5.0;
				TARGETED_DEVICE_FAMILY = "1,2,7";
			};
			name = Debug;
		};
		E80BC4762B789FBD00506FFA /* Release */ = {
			isa = XCBuildConfiguration;
			buildSettings = {
				ASSETCATALOG_COMPILER_APPICON_NAME = AppIcon;
				ASSETCATALOG_COMPILER_GLOBAL_ACCENT_COLOR_NAME = AccentColor;
				CODE_SIGN_STYLE = Automatic;
				CURRENT_PROJECT_VERSION = 1;
				DEVELOPMENT_ASSET_PATHS = "\"spaces/Preview Content\"";
				DEVELOPMENT_TEAM = 42RNCHYNM2;
				ENABLE_PREVIEWS = YES;
				GENERATE_INFOPLIST_FILE = YES;
				INFOPLIST_FILE = "$(TARGET_NAME)/Info.plist";
				INFOPLIST_KEY_LSApplicationCategoryType = "public.app-category.lifestyle";
				LD_RUNPATH_SEARCH_PATHS = (
					"$(inherited)",
					"@executable_path/Frameworks",
				);
				MARKETING_VERSION = 1.0;
				PRODUCT_BUNDLE_IDENTIFIER = kosasih.spaces;
				PRODUCT_NAME = "$(TARGET_NAME)";
				SUPPORTED_PLATFORMS = "xros xrsimulator";
				SWIFT_EMIT_LOC_STRINGS = YES;
				SWIFT_VERSION = 5.0;
				TARGETED_DEVICE_FAMILY = "1,2,7";
			};
			name = Release;
		};
		E80BC4782B789FBD00506FFA /* Debug */ = {
			isa = XCBuildConfiguration;
			buildSettings = {
				ALWAYS_EMBED_SWIFT_STANDARD_LIBRARIES = YES;
				BUNDLE_LOADER = "$(TEST_HOST)";
				CODE_SIGN_STYLE = Automatic;
				CURRENT_PROJECT_VERSION = 1;
				DEVELOPMENT_TEAM = 42RNCHYNM2;
				GENERATE_INFOPLIST_FILE = YES;
				MARKETING_VERSION = 1.0;
				PRODUCT_BUNDLE_IDENTIFIER = "Coffee-With-A.spacesTests";
				PRODUCT_NAME = "$(TARGET_NAME)";
				SUPPORTED_PLATFORMS = "xros xrsimulator";
				SWIFT_EMIT_LOC_STRINGS = NO;
				SWIFT_VERSION = 5.0;
				TARGETED_DEVICE_FAMILY = "1,2,7";
				TEST_HOST = "$(BUILT_PRODUCTS_DIR)/spaces.app/$(BUNDLE_EXECUTABLE_FOLDER_PATH)/spaces";
				XROS_DEPLOYMENT_TARGET = 1.0;
			};
			name = Debug;
		};
		E80BC4792B789FBD00506FFA /* Release */ = {
			isa = XCBuildConfiguration;
			buildSettings = {
				ALWAYS_EMBED_SWIFT_STANDARD_LIBRARIES = YES;
				BUNDLE_LOADER = "$(TEST_HOST)";
				CODE_SIGN_STYLE = Automatic;
				CURRENT_PROJECT_VERSION = 1;
				DEVELOPMENT_TEAM = 42RNCHYNM2;
				GENERATE_INFOPLIST_FILE = YES;
				MARKETING_VERSION = 1.0;
				PRODUCT_BUNDLE_IDENTIFIER = "Coffee-With-A.spacesTests";
				PRODUCT_NAME = "$(TARGET_NAME)";
				SUPPORTED_PLATFORMS = "xros xrsimulator";
				SWIFT_EMIT_LOC_STRINGS = NO;
				SWIFT_VERSION = 5.0;
				TARGETED_DEVICE_FAMILY = "1,2,7";
				TEST_HOST = "$(BUILT_PRODUCTS_DIR)/spaces.app/$(BUNDLE_EXECUTABLE_FOLDER_PATH)/spaces";
				XROS_DEPLOYMENT_TARGET = 1.0;
			};
			name = Release;
		};
/* End XCBuildConfiguration section */

/* Begin XCConfigurationList section */
		E80BC44E2B789FBB00506FFA /* Build configuration list for PBXProject "spaces" */ = {
			isa = XCConfigurationList;
			buildConfigurations = (
				E80BC4722B789FBD00506FFA /* Debug */,
				E80BC4732B789FBD00506FFA /* Release */,
			);
			defaultConfigurationIsVisible = 0;
			defaultConfigurationName = Release;
		};
		E80BC4742B789FBD00506FFA /* Build configuration list for PBXNativeTarget "spaces" */ = {
			isa = XCConfigurationList;
			buildConfigurations = (
				E80BC4752B789FBD00506FFA /* Debug */,
				E80BC4762B789FBD00506FFA /* Release */,
			);
			defaultConfigurationIsVisible = 0;
			defaultConfigurationName = Release;
		};
		E80BC4772B789FBD00506FFA /* Build configuration list for PBXNativeTarget "spacesTests" */ = {
			isa = XCConfigurationList;
			buildConfigurations = (
				E80BC4782B789FBD00506FFA /* Debug */,
				E80BC4792B789FBD00506FFA /* Release */,
			);
			defaultConfigurationIsVisible = 0;
			defaultConfigurationName = Release;
		};
/* End XCConfigurationList section */

/* Begin XCLocalSwiftPackageReference section */
		E83EC3C12B82A1F40048FD1C /* XCLocalSwiftPackageReference "../Coffee With A/Packages/RealityKitContent" */ = {
			isa = XCLocalSwiftPackageReference;
			relativePath = "../Coffee With A/Packages/RealityKitContent";
		};
/* End XCLocalSwiftPackageReference section */

/* Begin XCRemoteSwiftPackageReference section */
		E84814E62B7E949A008B6482 /* XCRemoteSwiftPackageReference "firebase-ios-sdk" */ = {
			isa = XCRemoteSwiftPackageReference;
			repositoryURL = "https://github.com/firebase/firebase-ios-sdk";
			requirement = {
				kind = upToNextMajorVersion;
				minimumVersion = 10.21.0;
			};
		};
/* End XCRemoteSwiftPackageReference section */

/* Begin XCSwiftPackageProductDependency section */
		E80BC4582B789FBB00506FFA /* RealityKitContent */ = {
			isa = XCSwiftPackageProductDependency;
			productName = RealityKitContent;
		};
		E82BAB692B7ED574009EBEBB /* FirebaseFirestore */ = {
			isa = XCSwiftPackageProductDependency;
			package = E84814E62B7E949A008B6482 /* XCRemoteSwiftPackageReference "firebase-ios-sdk" */;
			productName = FirebaseFirestore;
		};
		E83EC3C22B82A1F40048FD1C /* RealityKitContent */ = {
			isa = XCSwiftPackageProductDependency;
			productName = RealityKitContent;
		};
		E84814EA2B7E9512008B6482 /* FirebaseFirestoreSwift */ = {
			isa = XCSwiftPackageProductDependency;
			package = E84814E62B7E949A008B6482 /* XCRemoteSwiftPackageReference "firebase-ios-sdk" */;
			productName = FirebaseFirestoreSwift;
		};
		E84814EC2B7E9512008B6482 /* FirebaseStorage */ = {
			isa = XCSwiftPackageProductDependency;
			package = E84814E62B7E949A008B6482 /* XCRemoteSwiftPackageReference "firebase-ios-sdk" */;
			productName = FirebaseStorage;
		};
/* End XCSwiftPackageProductDependency section */
	};
	rootObject = E80BC44B2B789FBB00506FFA /* Project object */;
}
